
Microsoft Visual Studio Solution File, Format Version 12.00
# Visual Studio Version 17
VisualStudioVersion = 17.14.36804.6 d17.14
MinimumVisualStudioVersion = 10.0.40219.1
Project("{FAE04EC0-301F-11D3-BF4B-00C04F79EFBC}") = "MyApp_01", "MyApp_01\MyApp_01.csproj", "{C9A03649-B142-4E56-A5E7-E162122C8330}"
EndProject
Global
	GlobalSection(SolutionConfigurationPlatforms) = preSolution
		Debug|Any CPU = Debug|Any CPU
		Release|Any CPU = Release|Any CPU
	EndGlobalSection
	GlobalSection(ProjectConfigurationPlatforms) = postSolution
		{C9A03649-B142-4E56-A5E7-E162122C8330}.Debug|Any CPU.ActiveCfg = Debug|Any CPU
		{C9A03649-B142-4E56-A5E7-E162122C8330}.Debug|Any CPU.Build.0 = Debug|Any CPU
		{C9A03649-B142-4E56-A5E7-E162122C8330}.Release|Any CPU.ActiveCfg = Release|Any CPU
		{C9A03649-B142-4E56-A5E7-E162122C8330}.Release|Any CPU.Build.0 = Release|Any CPU
	EndGlobalSection
	GlobalSection(SolutionProperties) = preSolution
		HideSolutionNode = FALSE
	EndGlobalSection
	GlobalSection(ExtensibilityGlobals) = postSolution
		SolutionGuid = {55BD46FB-2356-49F3-B576-7FEB6FFC170B}
	EndGlobalSection
EndGlobal
